
Microsoft Visual Studio Solution File, Format Version 12.00
# Visual Studio Version 17
VisualStudioVersion = 17.14.36212.18 d17.14
MinimumVisualStudioVersion = 10.0.40219.1
Project("{FAE04EC0-301F-11D3-BF4B-00C04F79EFBC}") = "Tournament.Api", "Tournament.Api\Tournament.Api.csproj", "{4ED43FB5-072F-4F72-BDD0-5AF25991EF19}"
EndProject
Project("{FAE04EC0-301F-11D3-BF4B-00C04F79EFBC}") = "Tournament.Core", "Tournament.Core\Tournament.Core.csproj", "{0862B09B-C342-450C-B1F1-B309ABF21D81}"
EndProject
Project("{FAE04EC0-301F-11D3-BF4B-00C04F79EFBC}") = "Tournament.Data", "Tournament.Data\Tournament.Data.csproj", "{3DD3E011-C96B-41A5-9528-C139CB6B7434}"
EndProject
Global
	GlobalSection(SolutionConfigurationPlatforms) = preSolution
		Debug|Any CPU = Debug|Any CPU
		Release|Any CPU = Release|Any CPU
	EndGlobalSection
	GlobalSection(ProjectConfigurationPlatforms) = postSolution
		{4ED43FB5-072F-4F72-BDD0-5AF25991EF19}.Debug|Any CPU.ActiveCfg = Debug|Any CPU
		{4ED43FB5-072F-4F72-BDD0-5AF25991EF19}.Debug|Any CPU.Build.0 = Debug|Any CPU
		{4ED43FB5-072F-4F72-BDD0-5AF25991EF19}.Release|Any CPU.ActiveCfg = Release|Any CPU
		{4ED43FB5-072F-4F72-BDD0-5AF25991EF19}.Release|Any CPU.Build.0 = Release|Any CPU
		{0862B09B-C342-450C-B1F1-B309ABF21D81}.Debug|Any CPU.ActiveCfg = Debug|Any CPU
		{0862B09B-C342-450C-B1F1-B309ABF21D81}.Debug|Any CPU.Build.0 = Debug|Any CPU
		{0862B09B-C342-450C-B1F1-B309ABF21D81}.Release|Any CPU.ActiveCfg = Release|Any CPU
		{0862B09B-C342-450C-B1F1-B309ABF21D81}.Release|Any CPU.Build.0 = Release|Any CPU
		{3DD3E011-C96B-41A5-9528-C139CB6B7434}.Debug|Any CPU.ActiveCfg = Debug|Any CPU
		{3DD3E011-C96B-41A5-9528-C139CB6B7434}.Debug|Any CPU.Build.0 = Debug|Any CPU
		{3DD3E011-C96B-41A5-9528-C139CB6B7434}.Release|Any CPU.ActiveCfg = Release|Any CPU
		{3DD3E011-C96B-41A5-9528-C139CB6B7434}.Release|Any CPU.Build.0 = Release|Any CPU
	EndGlobalSection
	GlobalSection(SolutionProperties) = preSolution
		HideSolutionNode = FALSE
	EndGlobalSection
	GlobalSection(ExtensibilityGlobals) = postSolution
		SolutionGuid = {A10A9E2E-531E-4931-A8CF-2D940E7A9280}
	EndGlobalSection
EndGlobal
